
Microsoft Visual Studio Solution File, Format Version 12.00
# Visual Studio Version 17
VisualStudioVersion = 17.9.34607.119
MinimumVisualStudioVersion = 10.0.40219.1
Project("{9A19103F-16F7-4668-BE54-9A1E7A4F7556}") = "DFI.FaultReporting.API", "DFI.FaultReporting.API\DFI.FaultReporting.API.csproj", "{A1B29B54-C7B8-49D0-83AB-614C95A7ED5E}"
EndProject
Project("{9A19103F-16F7-4668-BE54-9A1E7A4F7556}") = "DFI.FaultReporting.Public", "DFI.FaultReporting.Public\DFI.FaultReporting.Public.csproj", "{AFFD3E3F-6325-4A6E-B308-02FF39769236}"
EndProject
Project("{9A19103F-16F7-4668-BE54-9A1E7A4F7556}") = "DFI.FaultReporting.Admin", "DFI.FaultReporting.Admin\DFI.FaultReporting.Admin.csproj", "{C3C50BE6-3474-4F94-964F-8DE1BDCD52F5}"
EndProject
Project("{9A19103F-16F7-4668-BE54-9A1E7A4F7556}") = "DFI.FaultReporting.Common", "DFI.FaultReporting.Common\DFI.FaultReporting.Common.csproj", "{018687CE-7719-4052-A7B6-0911CF9F6B89}"
EndProject
Project("{9A19103F-16F7-4668-BE54-9A1E7A4F7556}") = "DFI.FaultReporting.Models", "DFI.FaultReporting.Models\DFI.FaultReporting.Models.csproj", "{C811076F-9D46-473E-9EEC-1B3B31484AE5}"
EndProject
Project("{9A19103F-16F7-4668-BE54-9A1E7A4F7556}") = "DFI.FaultReporting.Services", "DFI.FaultReporting.Services\DFI.FaultReporting.Services.csproj", "{816A1132-CC43-4837-A0F8-8C01B8B16D68}"
EndProject
Project("{9A19103F-16F7-4668-BE54-9A1E7A4F7556}") = "DFI.FaultReporting.Services.Interfaces", "DFI.FaultReporting.Interfaces\DFI.FaultReporting.Services.Interfaces.csproj", "{261A254F-2EA4-4220-AB1A-D6772020455E}"
EndProject
Project("{9A19103F-16F7-4668-BE54-9A1E7A4F7556}") = "DFI.FaultReporting.Http", "DFI.FaultReporting.Http\DFI.FaultReporting.Http.csproj", "{1375D597-AEB5-4DC7-BF91-4C2239714246}"
EndProject
Project("{9A19103F-16F7-4668-BE54-9A1E7A4F7556}") = "DFI.FaultReporting.SQL.Repository", "DFI.FaultReporting.SQL.Repository\DFI.FaultReporting.SQL.Repository.csproj", "{A9CB672D-7D73-472D-ADF2-713135417CFA}"
EndProject
Project("{9A19103F-16F7-4668-BE54-9A1E7A4F7556}") = "DFI.FaultReporting.SQL.Repository.Interfaces", "DFI.FaultReporting.SQL.Repository.Interfaces\DFI.FaultReporting.SQL.Repository.Interfaces.csproj", "{DF605D8E-F28F-4E4F-A06C-D35BED4DC8F3}"
EndProject
Project("{9A19103F-16F7-4668-BE54-9A1E7A4F7556}") = "DFI.FaultReporting.JWT", "DFI.FaultReporting.JWT\DFI.FaultReporting.JWT.csproj", "{1AA9622F-F4F9-44AE-8CB8-01F593C41C30}"
EndProject
Global
	GlobalSection(SolutionConfigurationPlatforms) = preSolution
		Debug|Any CPU = Debug|Any CPU
		Release|Any CPU = Release|Any CPU
	EndGlobalSection
	GlobalSection(ProjectConfigurationPlatforms) = postSolution
		{A1B29B54-C7B8-49D0-83AB-614C95A7ED5E}.Debug|Any CPU.ActiveCfg = Debug|Any CPU
		{A1B29B54-C7B8-49D0-83AB-614C95A7ED5E}.Debug|Any CPU.Build.0 = Debug|Any CPU
		{A1B29B54-C7B8-49D0-83AB-614C95A7ED5E}.Release|Any CPU.ActiveCfg = Release|Any CPU
		{A1B29B54-C7B8-49D0-83AB-614C95A7ED5E}.Release|Any CPU.Build.0 = Release|Any CPU
		{AFFD3E3F-6325-4A6E-B308-02FF39769236}.Debug|Any CPU.ActiveCfg = Debug|Any CPU
		{AFFD3E3F-6325-4A6E-B308-02FF39769236}.Debug|Any CPU.Build.0 = Debug|Any CPU
		{AFFD3E3F-6325-4A6E-B308-02FF39769236}.Release|Any CPU.ActiveCfg = Release|Any CPU
		{AFFD3E3F-6325-4A6E-B308-02FF39769236}.Release|Any CPU.Build.0 = Release|Any CPU
		{C3C50BE6-3474-4F94-964F-8DE1BDCD52F5}.Debug|Any CPU.ActiveCfg = Debug|Any CPU
		{C3C50BE6-3474-4F94-964F-8DE1BDCD52F5}.Debug|Any CPU.Build.0 = Debug|Any CPU
		{C3C50BE6-3474-4F94-964F-8DE1BDCD52F5}.Release|Any CPU.ActiveCfg = Release|Any CPU
		{C3C50BE6-3474-4F94-964F-8DE1BDCD52F5}.Release|Any CPU.Build.0 = Release|Any CPU
		{018687CE-7719-4052-A7B6-0911CF9F6B89}.Debug|Any CPU.ActiveCfg = Debug|Any CPU
		{018687CE-7719-4052-A7B6-0911CF9F6B89}.Debug|Any CPU.Build.0 = Debug|Any CPU
		{018687CE-7719-4052-A7B6-0911CF9F6B89}.Release|Any CPU.ActiveCfg = Release|Any CPU
		{018687CE-7719-4052-A7B6-0911CF9F6B89}.Release|Any CPU.Build.0 = Release|Any CPU
		{C811076F-9D46-473E-9EEC-1B3B31484AE5}.Debug|Any CPU.ActiveCfg = Debug|Any CPU
		{C811076F-9D46-473E-9EEC-1B3B31484AE5}.Debug|Any CPU.Build.0 = Debug|Any CPU
		{C811076F-9D46-473E-9EEC-1B3B31484AE5}.Release|Any CPU.ActiveCfg = Release|Any CPU
		{C811076F-9D46-473E-9EEC-1B3B31484AE5}.Release|Any CPU.Build.0 = Release|Any CPU
		{816A1132-CC43-4837-A0F8-8C01B8B16D68}.Debug|Any CPU.ActiveCfg = Debug|Any CPU
		{816A1132-CC43-4837-A0F8-8C01B8B16D68}.Debug|Any CPU.Build.0 = Debug|Any CPU
		{816A1132-CC43-4837-A0F8-8C01B8B16D68}.Release|Any CPU.ActiveCfg = Release|Any CPU
		{816A1132-CC43-4837-A0F8-8C01B8B16D68}.Release|Any CPU.Build.0 = Release|Any CPU
		{261A254F-2EA4-4220-AB1A-D6772020455E}.Debug|Any CPU.ActiveCfg = Debug|Any CPU
		{261A254F-2EA4-4220-AB1A-D6772020455E}.Debug|Any CPU.Build.0 = Debug|Any CPU
		{261A254F-2EA4-4220-AB1A-D6772020455E}.Release|Any CPU.ActiveCfg = Release|Any CPU
		{261A254F-2EA4-4220-AB1A-D6772020455E}.Release|Any CPU.Build.0 = Release|Any CPU
		{1375D597-AEB5-4DC7-BF91-4C2239714246}.Debug|Any CPU.ActiveCfg = Debug|Any CPU
		{1375D597-AEB5-4DC7-BF91-4C2239714246}.Debug|Any CPU.Build.0 = Debug|Any CPU
		{1375D597-AEB5-4DC7-BF91-4C2239714246}.Release|Any CPU.ActiveCfg = Release|Any CPU
		{1375D597-AEB5-4DC7-BF91-4C2239714246}.Release|Any CPU.Build.0 = Release|Any CPU
		{A9CB672D-7D73-472D-ADF2-713135417CFA}.Debug|Any CPU.ActiveCfg = Debug|Any CPU
		{A9CB672D-7D73-472D-ADF2-713135417CFA}.Debug|Any CPU.Build.0 = Debug|Any CPU
		{A9CB672D-7D73-472D-ADF2-713135417CFA}.Release|Any CPU.ActiveCfg = Release|Any CPU
		{A9CB672D-7D73-472D-ADF2-713135417CFA}.Release|Any CPU.Build.0 = Release|Any CPU
		{DF605D8E-F28F-4E4F-A06C-D35BED4DC8F3}.Debug|Any CPU.ActiveCfg = Debug|Any CPU
		{DF605D8E-F28F-4E4F-A06C-D35BED4DC8F3}.Debug|Any CPU.Build.0 = Debug|Any CPU
		{DF605D8E-F28F-4E4F-A06C-D35BED4DC8F3}.Release|Any CPU.ActiveCfg = Release|Any CPU
		{DF605D8E-F28F-4E4F-A06C-D35BED4DC8F3}.Release|Any CPU.Build.0 = Release|Any CPU
		{1AA9622F-F4F9-44AE-8CB8-01F593C41C30}.Debug|Any CPU.ActiveCfg = Debug|Any CPU
		{1AA9622F-F4F9-44AE-8CB8-01F593C41C30}.Debug|Any CPU.Build.0 = Debug|Any CPU
		{1AA9622F-F4F9-44AE-8CB8-01F593C41C30}.Release|Any CPU.ActiveCfg = Release|Any CPU
		{1AA9622F-F4F9-44AE-8CB8-01F593C41C30}.Release|Any CPU.Build.0 = Release|Any CPU
	EndGlobalSection
	GlobalSection(SolutionProperties) = preSolution
		HideSolutionNode = FALSE
	EndGlobalSection
	GlobalSection(ExtensibilityGlobals) = postSolution
		SolutionGuid = {01D97CA0-C665-457A-B9EA-20C1807293DA}
	EndGlobalSection
EndGlobal
